
Microsoft Visual Studio Solution File, Format Version 12.00
# Visual Studio Version 16
VisualStudioVersion = 16.0.29306.81
MinimumVisualStudioVersion = 10.0.40219.1
Project("{FAE04EC0-301F-11D3-BF4B-00C04F79EFBC}") = "ContinentalApplication", "ContinentalApplication\ContinentalApplication.csproj", "{CEC4D612-E566-4F55-A407-F46DD858E300}"
EndProject
Global
	GlobalSection(SolutionConfigurationPlatforms) = preSolution
		Debug|Any CPU = Debug|Any CPU
		Release|Any CPU = Release|Any CPU
	EndGlobalSection
	GlobalSection(ProjectConfigurationPlatforms) = postSolution
		{CEC4D612-E566-4F55-A407-F46DD858E300}.Debug|Any CPU.ActiveCfg = Debug|Any CPU
		{CEC4D612-E566-4F55-A407-F46DD858E300}.Debug|Any CPU.Build.0 = Debug|Any CPU
		{CEC4D612-E566-4F55-A407-F46DD858E300}.Release|Any CPU.ActiveCfg = Release|Any CPU
		{CEC4D612-E566-4F55-A407-F46DD858E300}.Release|Any CPU.Build.0 = Release|Any CPU
	EndGlobalSection
	GlobalSection(SolutionProperties) = preSolution
		HideSolutionNode = FALSE
	EndGlobalSection
	GlobalSection(ExtensibilityGlobals) = postSolution
		SolutionGuid = {045399F9-9B7B-4503-BAD8-65DE7C88457E}
	EndGlobalSection
EndGlobal
